
Microsoft Visual Studio Solution File, Format Version 12.00
# Visual Studio Version 17
VisualStudioVersion = 17.6.33829.357
MinimumVisualStudioVersion = 10.0.40219.1
Project("{FAE04EC0-301F-11D3-BF4B-00C04F79EFBC}") = "MVC-3PL", "MVC-3PL\MVC-3PL.csproj", "{05A3A530-ED8D-4B0A-A533-9156C125FEEF}"
EndProject
Project("{FAE04EC0-301F-11D3-BF4B-00C04F79EFBC}") = "MVC-3BLL", "MVC-3BLL\MVC-3BLL.csproj", "{C0576865-ED7D-4246-846C-1B818588CCFA}"
EndProject
Project("{FAE04EC0-301F-11D3-BF4B-00C04F79EFBC}") = "MVC-3DAL", "MVC-3DAL\MVC-3DAL.csproj", "{C6B5767E-B96E-485B-82BC-C25727662143}"
EndProject
Global
	GlobalSection(SolutionConfigurationPlatforms) = preSolution
		Debug|Any CPU = Debug|Any CPU
		Release|Any CPU = Release|Any CPU
	EndGlobalSection
	GlobalSection(ProjectConfigurationPlatforms) = postSolution
		{05A3A530-ED8D-4B0A-A533-9156C125FEEF}.Debug|Any CPU.ActiveCfg = Debug|Any CPU
		{05A3A530-ED8D-4B0A-A533-9156C125FEEF}.Debug|Any CPU.Build.0 = Debug|Any CPU
		{05A3A530-ED8D-4B0A-A533-9156C125FEEF}.Release|Any CPU.ActiveCfg = Release|Any CPU
		{05A3A530-ED8D-4B0A-A533-9156C125FEEF}.Release|Any CPU.Build.0 = Release|Any CPU
		{C0576865-ED7D-4246-846C-1B818588CCFA}.Debug|Any CPU.ActiveCfg = Debug|Any CPU
		{C0576865-ED7D-4246-846C-1B818588CCFA}.Debug|Any CPU.Build.0 = Debug|Any CPU
		{C0576865-ED7D-4246-846C-1B818588CCFA}.Release|Any CPU.ActiveCfg = Release|Any CPU
		{C0576865-ED7D-4246-846C-1B818588CCFA}.Release|Any CPU.Build.0 = Release|Any CPU
		{C6B5767E-B96E-485B-82BC-C25727662143}.Debug|Any CPU.ActiveCfg = Debug|Any CPU
		{C6B5767E-B96E-485B-82BC-C25727662143}.Debug|Any CPU.Build.0 = Debug|Any CPU
		{C6B5767E-B96E-485B-82BC-C25727662143}.Release|Any CPU.ActiveCfg = Release|Any CPU
		{C6B5767E-B96E-485B-82BC-C25727662143}.Release|Any CPU.Build.0 = Release|Any CPU
	EndGlobalSection
	GlobalSection(SolutionProperties) = preSolution
		HideSolutionNode = FALSE
	EndGlobalSection
	GlobalSection(ExtensibilityGlobals) = postSolution
		SolutionGuid = {53FDEFA9-950B-4A4C-870B-E90603032CE4}
	EndGlobalSection
EndGlobal
